
Microsoft Visual Studio Solution File, Format Version 12.00
# Visual Studio Version 17
VisualStudioVersion = 17.10.35013.160
MinimumVisualStudioVersion = 10.0.40219.1
Project("{9A19103F-16F7-4668-BE54-9A1E7A4F7556}") = "IPL-Project", "IPL-Project.csproj", "{093D7541-2B90-4322-B6CA-1AC50135A644}"
EndProject
Global
	GlobalSection(SolutionConfigurationPlatforms) = preSolution
		Debug|Any CPU = Debug|Any CPU
		Release|Any CPU = Release|Any CPU
	EndGlobalSection
	GlobalSection(ProjectConfigurationPlatforms) = postSolution
		{093D7541-2B90-4322-B6CA-1AC50135A644}.Debug|Any CPU.ActiveCfg = Debug|Any CPU
		{093D7541-2B90-4322-B6CA-1AC50135A644}.Debug|Any CPU.Build.0 = Debug|Any CPU
		{093D7541-2B90-4322-B6CA-1AC50135A644}.Release|Any CPU.ActiveCfg = Release|Any CPU
		{093D7541-2B90-4322-B6CA-1AC50135A644}.Release|Any CPU.Build.0 = Release|Any CPU
	EndGlobalSection
	GlobalSection(SolutionProperties) = preSolution
		HideSolutionNode = FALSE
	EndGlobalSection
	GlobalSection(ExtensibilityGlobals) = postSolution
		SolutionGuid = {6095AFF0-F360-4A9E-B608-23D5047DAE19}
	EndGlobalSection
EndGlobal
